
Microsoft Visual Studio Solution File, Format Version 12.00
# Visual Studio Version 17
VisualStudioVersion = 17.0.32014.148
MinimumVisualStudioVersion = 10.0.40219.1
Project("{FAE04EC0-301F-11D3-BF4B-00C04F79EFBC}") = "inheritance4", "inheritance4\inheritance4.csproj", "{269E30C7-9B5A-4615-9ED4-3BE0E2458E0B}"
EndProject
Global
	GlobalSection(SolutionConfigurationPlatforms) = preSolution
		Debug|Any CPU = Debug|Any CPU
		Release|Any CPU = Release|Any CPU
	EndGlobalSection
	GlobalSection(ProjectConfigurationPlatforms) = postSolution
		{269E30C7-9B5A-4615-9ED4-3BE0E2458E0B}.Debug|Any CPU.ActiveCfg = Debug|Any CPU
		{269E30C7-9B5A-4615-9ED4-3BE0E2458E0B}.Debug|Any CPU.Build.0 = Debug|Any CPU
		{269E30C7-9B5A-4615-9ED4-3BE0E2458E0B}.Release|Any CPU.ActiveCfg = Release|Any CPU
		{269E30C7-9B5A-4615-9ED4-3BE0E2458E0B}.Release|Any CPU.Build.0 = Release|Any CPU
	EndGlobalSection
	GlobalSection(SolutionProperties) = preSolution
		HideSolutionNode = FALSE
	EndGlobalSection
	GlobalSection(ExtensibilityGlobals) = postSolution
		SolutionGuid = {36412C89-779F-4BAE-BD18-DF90690F6EA1}
	EndGlobalSection
EndGlobal
