
Microsoft Visual Studio Solution File, Format Version 12.00
# Visual Studio Version 17
VisualStudioVersion = 17.0.32014.148
MinimumVisualStudioVersion = 10.0.40219.1
Project("{FAE04EC0-301F-11D3-BF4B-00C04F79EFBC}") = "add1", "add1\add1.csproj", "{A30B1A86-F439-4FAD-BBCC-31C13CD38652}"
EndProject
Global
	GlobalSection(SolutionConfigurationPlatforms) = preSolution
		Debug|Any CPU = Debug|Any CPU
		Release|Any CPU = Release|Any CPU
	EndGlobalSection
	GlobalSection(ProjectConfigurationPlatforms) = postSolution
		{A30B1A86-F439-4FAD-BBCC-31C13CD38652}.Debug|Any CPU.ActiveCfg = Debug|Any CPU
		{A30B1A86-F439-4FAD-BBCC-31C13CD38652}.Debug|Any CPU.Build.0 = Debug|Any CPU
		{A30B1A86-F439-4FAD-BBCC-31C13CD38652}.Release|Any CPU.ActiveCfg = Release|Any CPU
		{A30B1A86-F439-4FAD-BBCC-31C13CD38652}.Release|Any CPU.Build.0 = Release|Any CPU
	EndGlobalSection
	GlobalSection(SolutionProperties) = preSolution
		HideSolutionNode = FALSE
	EndGlobalSection
	GlobalSection(ExtensibilityGlobals) = postSolution
		SolutionGuid = {D660F0DD-0F7E-4940-B477-D882CD3E495E}
	EndGlobalSection
EndGlobal
