
Microsoft Visual Studio Solution File, Format Version 12.00
# Visual Studio Version 17
VisualStudioVersion = 17.0.32014.148
MinimumVisualStudioVersion = 10.0.40219.1
Project("{FAE04EC0-301F-11D3-BF4B-00C04F79EFBC}") = "add", "add\add.csproj", "{B4397BCC-5298-4E44-946F-81E64948A9A6}"
EndProject
Global
	GlobalSection(SolutionConfigurationPlatforms) = preSolution
		Debug|Any CPU = Debug|Any CPU
		Release|Any CPU = Release|Any CPU
	EndGlobalSection
	GlobalSection(ProjectConfigurationPlatforms) = postSolution
		{B4397BCC-5298-4E44-946F-81E64948A9A6}.Debug|Any CPU.ActiveCfg = Debug|Any CPU
		{B4397BCC-5298-4E44-946F-81E64948A9A6}.Debug|Any CPU.Build.0 = Debug|Any CPU
		{B4397BCC-5298-4E44-946F-81E64948A9A6}.Release|Any CPU.ActiveCfg = Release|Any CPU
		{B4397BCC-5298-4E44-946F-81E64948A9A6}.Release|Any CPU.Build.0 = Release|Any CPU
	EndGlobalSection
	GlobalSection(SolutionProperties) = preSolution
		HideSolutionNode = FALSE
	EndGlobalSection
	GlobalSection(ExtensibilityGlobals) = postSolution
		SolutionGuid = {A42D53E1-76A6-45D1-AAB8-17C36D0AB4F8}
	EndGlobalSection
EndGlobal
